
Microsoft Visual Studio Solution File, Format Version 12.00
# Visual Studio 15
VisualStudioVersion = 15.0.28307.572
MinimumVisualStudioVersion = 10.0.40219.1
Project("{FAE04EC0-301F-11D3-BF4B-00C04F79EFBC}") = "POC-DEMANDE-ATTESTATION", "POC-DEMANDE-ATTESTATION\POC-DEMANDE-ATTESTATION.csproj", "{397328CF-AA6A-4401-A602-B7654F51F0BF}"
EndProject
Global
	GlobalSection(SolutionConfigurationPlatforms) = preSolution
		Debug|Any CPU = Debug|Any CPU
		Release|Any CPU = Release|Any CPU
	EndGlobalSection
	GlobalSection(ProjectConfigurationPlatforms) = postSolution
		{397328CF-AA6A-4401-A602-B7654F51F0BF}.Debug|Any CPU.ActiveCfg = Debug|Any CPU
		{397328CF-AA6A-4401-A602-B7654F51F0BF}.Debug|Any CPU.Build.0 = Debug|Any CPU
		{397328CF-AA6A-4401-A602-B7654F51F0BF}.Release|Any CPU.ActiveCfg = Release|Any CPU
		{397328CF-AA6A-4401-A602-B7654F51F0BF}.Release|Any CPU.Build.0 = Release|Any CPU
	EndGlobalSection
	GlobalSection(SolutionProperties) = preSolution
		HideSolutionNode = FALSE
	EndGlobalSection
	GlobalSection(ExtensibilityGlobals) = postSolution
		SolutionGuid = {C4DD6D20-424F-4057-AC61-760D2A013D21}
	EndGlobalSection
EndGlobal
